<?xml version="1.0" encoding="utf-8"?>
<Project ToolsVersion="4.0" xmlns="http://schemas.microsoft.com/developer/msbuild/2003">
  <ItemGroup>
    <Filter Include="win32">
      <UniqueIdentifier>{84a8ebd7-7cf0-47f6-b75e-d441df67da40}</UniqueIdentifier>
    </Filter>
    <Filter Include="resource">
      <UniqueIdentifier>{715254bc-d70b-4ec5-bf29-467dd3ace079}</UniqueIdentifier>
    </Filter>
    <Filter Include="src">
      <UniqueIdentifier>{bb6c862e-70e9-49d9-81b7-3829a6f50471}</UniqueIdentifier>
    </Filter>
    <Filter Include="Classes">
      <UniqueIdentifier>{4530f591-08dd-4129-bf02-6b6cd723bc24}</UniqueIdentifier>
    </Filter>
    <Filter Include="Classes\Scenes">
      <UniqueIdentifier>{cc35d1d3-472a-4987-85b3-a933c242601c}</UniqueIdentifier>
    </Filter>
    <Filter Include="Classes\Utils">
      <UniqueIdentifier>{2d84547a-24e4-4d23-972f-e08e5f59d013}</UniqueIdentifier>
    </Filter>
    <Filter Include="Classes\Manager">
      <UniqueIdentifier>{6072f44e-f883-4509-9c8c-0bef297479ba}</UniqueIdentifier>
    </Filter>
    <Filter Include="Classes\Scenes\Tollgates">
      <UniqueIdentifier>{64b7089a-8ff0-487a-bbc0-5b5556d6787d}</UniqueIdentifier>
    </Filter>
    <Filter Include="Classes\Entity">
      <UniqueIdentifier>{c3dc609f-7d70-43e4-acfd-f3d65bb4f0e0}</UniqueIdentifier>
    </Filter>
  </ItemGroup>
  <ItemGroup>
    <ClCompile Include="main.cpp">
      <Filter>win32</Filter>
    </ClCompile>
    <ClCompile Include="..\Classes\AppDelegate.cpp">
      <Filter>src</Filter>
    </ClCompile>
    <ClCompile Include="..\Classes\HelloWorldScene.cpp">
      <Filter>src</Filter>
    </ClCompile>
    <ClCompile Include="..\Classes\LoadingScene.cpp">
      <Filter>Classes\Scenes</Filter>
    </ClCompile>
    <ClCompile Include="..\Classes\MainScene.cpp">
      <Filter>Classes\Scenes</Filter>
    </ClCompile>
    <ClCompile Include="..\Classes\AnimationUtil.cpp">
      <Filter>Classes\Utils</Filter>
    </ClCompile>
    <ClCompile Include="..\Classes\SceneManager.cpp">
      <Filter>Classes\Manager</Filter>
    </ClCompile>
    <ClCompile Include="..\Classes\TollgateScene.cpp">
      <Filter>Classes\Scenes</Filter>
    </ClCompile>
    <ClCompile Include="..\Classes\EatCandiesScene.cpp">
      <Filter>Classes\Scenes\Tollgates</Filter>
    </ClCompile>
    <ClCompile Include="..\Classes\TemplateScene.cpp">
      <Filter>Classes\Scenes\Tollgates</Filter>
    </ClCompile>
    <ClCompile Include="..\Classes\DoubleTapScene.cpp">
      <Filter>Classes\Scenes\Tollgates</Filter>
    </ClCompile>
    <ClCompile Include="..\Classes\VisibleRect.cpp">
      <Filter>Classes\Utils</Filter>
    </ClCompile>
    <ClCompile Include="..\Classes\Zergling.cpp">
      <Filter>Classes\Entity</Filter>
    </ClCompile>
    <ClCompile Include="..\Classes\FilterSprite.cpp">
      <Filter>Classes\Entity</Filter>
    </ClCompile>
    <ClCompile Include="..\Classes\TimeManager.cpp">
      <Filter>Classes\Manager</Filter>
    </ClCompile>
    <ClCompile Include="..\Classes\SlideCutScene.cpp">
      <Filter>Classes\Scenes\Tollgates</Filter>
    </ClCompile>
    <ClCompile Include="..\Classes\Farmer.cpp">
      <Filter>Classes\Entity</Filter>
    </ClCompile>
  </ItemGroup>
  <ItemGroup>
    <ClInclude Include="main.h">
      <Filter>win32</Filter>
    </ClInclude>
    <ClInclude Include="..\Classes\AppDelegate.h">
      <Filter>src</Filter>
    </ClInclude>
    <ClInclude Include="..\Classes\HelloWorldScene.h">
      <Filter>src</Filter>
    </ClInclude>
    <ClInclude Include="..\Classes\LoadingScene.h">
      <Filter>Classes\Scenes</Filter>
    </ClInclude>
    <ClInclude Include="..\Classes\MainScene.h">
      <Filter>Classes\Scenes</Filter>
    </ClInclude>
    <ClInclude Include="..\Classes\AnimationUtil.h">
      <Filter>Classes\Utils</Filter>
    </ClInclude>
    <ClInclude Include="..\Classes\SceneManager.h">
      <Filter>Classes\Manager</Filter>
    </ClInclude>
    <ClInclude Include="..\Classes\TollgateScene.h">
      <Filter>Classes\Scenes</Filter>
    </ClInclude>
    <ClInclude Include="..\Classes\EatCandiesScene.h">
      <Filter>Classes\Scenes\Tollgates</Filter>
    </ClInclude>
    <ClInclude Include="..\Classes\TemplateScene.h">
      <Filter>Classes\Scenes\Tollgates</Filter>
    </ClInclude>
    <ClInclude Include="..\Classes\DoubleTapScene.h">
      <Filter>Classes\Scenes\Tollgates</Filter>
    </ClInclude>
    <ClInclude Include="..\Classes\VisibleRect.h">
      <Filter>Classes\Utils</Filter>
    </ClInclude>
    <ClInclude Include="..\Classes\Zergling.h">
      <Filter>Classes\Entity</Filter>
    </ClInclude>
    <ClInclude Include="..\Classes\FilterSprite.h">
      <Filter>Classes\Entity</Filter>
    </ClInclude>
    <ClInclude Include="..\Classes\TimeManager.h">
      <Filter>Classes\Manager</Filter>
    </ClInclude>
    <ClInclude Include="..\Classes\SlideCutScene.h">
      <Filter>Classes\Scenes\Tollgates</Filter>
    </ClInclude>
    <ClInclude Include="..\Classes\Farmer.h">
      <Filter>Classes\Entity</Filter>
    </ClInclude>
  </ItemGroup>
  <ItemGroup>
    <ResourceCompile Include="game.rc">
      <Filter>resource</Filter>
    </ResourceCompile>
  </ItemGroup>
</Project>